
Microsoft Visual Studio Solution File, Format Version 12.00
# Visual Studio Version 16
VisualStudioVersion = 16.0.30114.105
MinimumVisualStudioVersion = 10.0.40219.1
Project("{2150E333-8FDC-42A3-9474-1A3956D46DE8}") = "src", "src", "{417C4899-CE27-41EB-869D-F06876790437}"
EndProject
Project("{FAE04EC0-301F-11D3-BF4B-00C04F79EFBC}") = "FFmpeg.NET", "src\FFmpeg.NET\FFmpeg.NET.csproj", "{76DA4325-E948-4A16-AC91-998C370879D8}"
EndProject
Project("{2150E333-8FDC-42A3-9474-1A3956D46DE8}") = "test", "test", "{BBD8C311-13E6-4E81-BCAF-A0E30C32BFBB}"
EndProject
Project("{FAE04EC0-301F-11D3-BF4B-00C04F79EFBC}") = "FFmpeg.Cmd", "test\FFmpeg.Cmd\FFmpeg.Cmd.csproj", "{39B75345-3D23-4FF2-860B-2E1EC72CB3EE}"
EndProject
Project("{FAE04EC0-301F-11D3-BF4B-00C04F79EFBC}") = "FFmpeg.Api", "test\FFmpeg.Api\FFmpeg.Api.csproj", "{14A7573A-F3B8-4F17-AF65-52A766F2A053}"
EndProject
Global
	GlobalSection(SolutionProperties) = preSolution
		HideSolutionNode = FALSE
	EndGlobalSection
	GlobalSection(SolutionConfigurationPlatforms) = preSolution
		Debug|Any CPU = Debug|Any CPU
		Debug|x64 = Debug|x64
		Debug|x86 = Debug|x86
		Release|Any CPU = Release|Any CPU
		Release|x64 = Release|x64
		Release|x86 = Release|x86
	EndGlobalSection
	GlobalSection(ProjectConfigurationPlatforms) = postSolution
		{76DA4325-E948-4A16-AC91-998C370879D8}.Debug|Any CPU.ActiveCfg = Debug|Any CPU
		{76DA4325-E948-4A16-AC91-998C370879D8}.Debug|Any CPU.Build.0 = Debug|Any CPU
		{76DA4325-E948-4A16-AC91-998C370879D8}.Debug|x64.ActiveCfg = Debug|Any CPU
		{76DA4325-E948-4A16-AC91-998C370879D8}.Debug|x64.Build.0 = Debug|Any CPU
		{76DA4325-E948-4A16-AC91-998C370879D8}.Debug|x86.ActiveCfg = Debug|Any CPU
		{76DA4325-E948-4A16-AC91-998C370879D8}.Debug|x86.Build.0 = Debug|Any CPU
		{76DA4325-E948-4A16-AC91-998C370879D8}.Release|Any CPU.ActiveCfg = Release|Any CPU
		{76DA4325-E948-4A16-AC91-998C370879D8}.Release|Any CPU.Build.0 = Release|Any CPU
		{76DA4325-E948-4A16-AC91-998C370879D8}.Release|x64.ActiveCfg = Release|Any CPU
		{76DA4325-E948-4A16-AC91-998C370879D8}.Release|x64.Build.0 = Release|Any CPU
		{76DA4325-E948-4A16-AC91-998C370879D8}.Release|x86.ActiveCfg = Release|Any CPU
		{76DA4325-E948-4A16-AC91-998C370879D8}.Release|x86.Build.0 = Release|Any CPU
		{39B75345-3D23-4FF2-860B-2E1EC72CB3EE}.Debug|Any CPU.ActiveCfg = Debug|Any CPU
		{39B75345-3D23-4FF2-860B-2E1EC72CB3EE}.Debug|Any CPU.Build.0 = Debug|Any CPU
		{39B75345-3D23-4FF2-860B-2E1EC72CB3EE}.Debug|x64.ActiveCfg = Debug|Any CPU
		{39B75345-3D23-4FF2-860B-2E1EC72CB3EE}.Debug|x64.Build.0 = Debug|Any CPU
		{39B75345-3D23-4FF2-860B-2E1EC72CB3EE}.Debug|x86.ActiveCfg = Debug|Any CPU
		{39B75345-3D23-4FF2-860B-2E1EC72CB3EE}.Debug|x86.Build.0 = Debug|Any CPU
		{39B75345-3D23-4FF2-860B-2E1EC72CB3EE}.Release|Any CPU.ActiveCfg = Release|Any CPU
		{39B75345-3D23-4FF2-860B-2E1EC72CB3EE}.Release|Any CPU.Build.0 = Release|Any CPU
		{39B75345-3D23-4FF2-860B-2E1EC72CB3EE}.Release|x64.ActiveCfg = Release|Any CPU
		{39B75345-3D23-4FF2-860B-2E1EC72CB3EE}.Release|x64.Build.0 = Release|Any CPU
		{39B75345-3D23-4FF2-860B-2E1EC72CB3EE}.Release|x86.ActiveCfg = Release|Any CPU
		{39B75345-3D23-4FF2-860B-2E1EC72CB3EE}.Release|x86.Build.0 = Release|Any CPU
		{14A7573A-F3B8-4F17-AF65-52A766F2A053}.Debug|Any CPU.ActiveCfg = Debug|Any CPU
		{14A7573A-F3B8-4F17-AF65-52A766F2A053}.Debug|Any CPU.Build.0 = Debug|Any CPU
		{14A7573A-F3B8-4F17-AF65-52A766F2A053}.Debug|x64.ActiveCfg = Debug|Any CPU
		{14A7573A-F3B8-4F17-AF65-52A766F2A053}.Debug|x64.Build.0 = Debug|Any CPU
		{14A7573A-F3B8-4F17-AF65-52A766F2A053}.Debug|x86.ActiveCfg = Debug|Any CPU
		{14A7573A-F3B8-4F17-AF65-52A766F2A053}.Debug|x86.Build.0 = Debug|Any CPU
		{14A7573A-F3B8-4F17-AF65-52A766F2A053}.Release|Any CPU.ActiveCfg = Release|Any CPU
		{14A7573A-F3B8-4F17-AF65-52A766F2A053}.Release|Any CPU.Build.0 = Release|Any CPU
		{14A7573A-F3B8-4F17-AF65-52A766F2A053}.Release|x64.ActiveCfg = Release|Any CPU
		{14A7573A-F3B8-4F17-AF65-52A766F2A053}.Release|x64.Build.0 = Release|Any CPU
		{14A7573A-F3B8-4F17-AF65-52A766F2A053}.Release|x86.ActiveCfg = Release|Any CPU
		{14A7573A-F3B8-4F17-AF65-52A766F2A053}.Release|x86.Build.0 = Release|Any CPU
	EndGlobalSection
	GlobalSection(NestedProjects) = preSolution
		{76DA4325-E948-4A16-AC91-998C370879D8} = {417C4899-CE27-41EB-869D-F06876790437}
		{39B75345-3D23-4FF2-860B-2E1EC72CB3EE} = {BBD8C311-13E6-4E81-BCAF-A0E30C32BFBB}
		{14A7573A-F3B8-4F17-AF65-52A766F2A053} = {BBD8C311-13E6-4E81-BCAF-A0E30C32BFBB}
	EndGlobalSection
EndGlobal
